// !$*UTF8*$!
{
	archiveVersion = 1;
	classes = {
	};
	objectVersion = 50;
	objects = {

/* Begin PBXBuildFile section */
		47385B0422E1F17800F28AE5 /* AppDelegate.swift in Sources */ = {isa = PBXBuildFile; fileRef = 47385B0322E1F17800F28AE5 /* AppDelegate.swift */; };
		47385B0622E1F17800F28AE5 /* SceneDelegate.swift in Sources */ = {isa = PBXBuildFile; fileRef = 47385B0522E1F17800F28AE5 /* SceneDelegate.swift */; };
		47385B0822E1F17800F28AE5 /* ContentView.swift in Sources */ = {isa = PBXBuildFile; fileRef = 47385B0722E1F17800F28AE5 /* ContentView.swift */; };
		47385B0A22E1F17A00F28AE5 /* Assets.xcassets in Resources */ = {isa = PBXBuildFile; fileRef = 47385B0922E1F17A00F28AE5 /* Assets.xcassets */; };
		47385B0D22E1F17A00F28AE5 /* Preview Assets.xcassets in Resources */ = {isa = PBXBuildFile; fileRef = 47385B0C22E1F17A00F28AE5 /* Preview Assets.xcassets */; };
		47385B1022E1F17A00F28AE5 /* LaunchScreen.storyboard in Resources */ = {isa = PBXBuildFile; fileRef = 47385B0E22E1F17A00F28AE5 /* LaunchScreen.storyboard */; };
		47385B1B22E1F17B00F28AE5 /* MeekoUITests.swift in Sources */ = {isa = PBXBuildFile; fileRef = 47385B1A22E1F17B00F28AE5 /* MeekoUITests.swift */; };
		47385B2622E1F17B00F28AE5 /* MeekoUIUITests.swift in Sources */ = {isa = PBXBuildFile; fileRef = 47385B2522E1F17B00F28AE5 /* MeekoUIUITests.swift */; };
/* End PBXBuildFile section */

/* Begin PBXContainerItemProxy section */
		47385B1722E1F17B00F28AE5 /* PBXContainerItemProxy */ = {
			isa = PBXContainerItemProxy;
			containerPortal = 47385AF822E1F17800F28AE5 /* Project object */;
			proxyType = 1;
			remoteGlobalIDString = 47385AFF22E1F17800F28AE5;
			remoteInfo = MeekoUI;
		};
		47385B2222E1F17B00F28AE5 /* PBXContainerItemProxy */ = {
			isa = PBXContainerItemProxy;
			containerPortal = 47385AF822E1F17800F28AE5 /* Project object */;
			proxyType = 1;
			remoteGlobalIDString = 47385AFF22E1F17800F28AE5;
			remoteInfo = MeekoUI;
		};
/* End PBXContainerItemProxy section */

/* Begin PBXFileReference section */
		47385B0022E1F17800F28AE5 /* MeekoUI.app */ = {isa = PBXFileReference; explicitFileType = wrapper.application; includeInIndex = 0; path = MeekoUI.app; sourceTree = BUILT_PRODUCTS_DIR; };
		47385B0322E1F17800F28AE5 /* AppDelegate.swift */ = {isa = PBXFileReference; lastKnownFileType = sourcecode.swift; path = AppDelegate.swift; sourceTree = "<group>"; };
		47385B0522E1F17800F28AE5 /* SceneDelegate.swift */ = {isa = PBXFileReference; lastKnownFileType = sourcecode.swift; path = SceneDelegate.swift; sourceTree = "<group>"; };
		47385B0722E1F17800F28AE5 /* ContentView.swift */ = {isa = PBXFileReference; lastKnownFileType = sourcecode.swift; path = ContentView.swift; sourceTree = "<group>"; };
		47385B0922E1F17A00F28AE5 /* Assets.xcassets */ = {isa = PBXFileReference; lastKnownFileType = folder.assetcatalog; path = Assets.xcassets; sourceTree = "<group>"; };
		47385B0C22E1F17A00F28AE5 /* Preview Assets.xcassets */ = {isa = PBXFileReference; lastKnownFileType = folder.assetcatalog; path = "Preview Assets.xcassets"; sourceTree = "<group>"; };
		47385B0F22E1F17A00F28AE5 /* Base */ = {isa = PBXFileReference; lastKnownFileType = file.storyboard; name = Base; path = Base.lproj/LaunchScreen.storyboard; sourceTree = "<group>"; };
		47385B1122E1F17A00F28AE5 /* Info.plist */ = {isa = PBXFileReference; lastKnownFileType = text.plist.xml; path = Info.plist; sourceTree = "<group>"; };
		47385B1622E1F17B00F28AE5 /* MeekoUITests.xctest */ = {isa = PBXFileReference; explicitFileType = wrapper.cfbundle; includeInIndex = 0; path = MeekoUITests.xctest; sourceTree = BUILT_PRODUCTS_DIR; };
		47385B1A22E1F17B00F28AE5 /* MeekoUITests.swift */ = {isa = PBXFileReference; lastKnownFileType = sourcecode.swift; path = MeekoUITests.swift; sourceTree = "<group>"; };
		47385B1C22E1F17B00F28AE5 /* Info.plist */ = {isa = PBXFileReference; lastKnownFileType = text.plist.xml; path = Info.plist; sourceTree = "<group>"; };
		47385B2122E1F17B00F28AE5 /* MeekoUIUITests.xctest */ = {isa = PBXFileReference; explicitFileType = wrapper.cfbundle; includeInIndex = 0; path = MeekoUIUITests.xctest; sourceTree = BUILT_PRODUCTS_DIR; };
		47385B2522E1F17B00F28AE5 /* MeekoUIUITests.swift */ = {isa = PBXFileReference; lastKnownFileType = sourcecode.swift; path = MeekoUIUITests.swift; sourceTree = "<group>"; };
		47385B2722E1F17B00F28AE5 /* Info.plist */ = {isa = PBXFileReference; lastKnownFileType = text.plist.xml; path = Info.plist; sourceTree = "<group>"; };
/* End PBXFileReference section */

/* Begin PBXFrameworksBuildPhase section */
		47385AFD22E1F17800F28AE5 /* Frameworks */ = {
			isa = PBXFrameworksBuildPhase;
			buildActionMask = 2147483647;
			files = (
			);
			runOnlyForDeploymentPostprocessing = 0;
		};
		47385B1322E1F17B00F28AE5 /* Frameworks */ = {
			isa = PBXFrameworksBuildPhase;
			buildActionMask = 2147483647;
			files = (
			);
			runOnlyForDeploymentPostprocessing = 0;
		};
		47385B1E22E1F17B00F28AE5 /* Frameworks */ = {
			isa = PBXFrameworksBuildPhase;
			buildActionMask = 2147483647;
			files = (
			);
			runOnlyForDeploymentPostprocessing = 0;
		};
/* End PBXFrameworksBuildPhase section */

/* Begin PBXGroup section */
		47385AF722E1F17800F28AE5 = {
			isa = PBXGroup;
			children = (
				47385B0222E1F17800F28AE5 /* MeekoUI */,
				47385B1922E1F17B00F28AE5 /* MeekoUITests */,
				47385B2422E1F17B00F28AE5 /* MeekoUIUITests */,
				47385B0122E1F17800F28AE5 /* Products */,
			);
			sourceTree = "<group>";
		};
		47385B0122E1F17800F28AE5 /* Products */ = {
			isa = PBXGroup;
			children = (
				47385B0022E1F17800F28AE5 /* MeekoUI.app */,
				47385B1622E1F17B00F28AE5 /* MeekoUITests.xctest */,
				47385B2122E1F17B00F28AE5 /* MeekoUIUITests.xctest */,
			);
			name = Products;
			sourceTree = "<group>";
		};
		47385B0222E1F17800F28AE5 /* MeekoUI */ = {
			isa = PBXGroup;
			children = (
				47385B0322E1F17800F28AE5 /* AppDelegate.swift */,
				47385B0522E1F17800F28AE5 /* SceneDelegate.swift */,
				47385B0722E1F17800F28AE5 /* ContentView.swift */,
				47385B0922E1F17A00F28AE5 /* Assets.xcassets */,
				47385B0E22E1F17A00F28AE5 /* LaunchScreen.storyboard */,
				47385B1122E1F17A00F28AE5 /* Info.plist */,
				47385B0B22E1F17A00F28AE5 /* Preview Content */,
			);
			path = MeekoUI;
			sourceTree = "<group>";
		};
		47385B0B22E1F17A00F28AE5 /* Preview Content */ = {
			isa = PBXGroup;
			children = (
				47385B0C22E1F17A00F28AE5 /* Preview Assets.xcassets */,
			);
			path = "Preview Content";
			sourceTree = "<group>";
		};
		47385B1922E1F17B00F28AE5 /* MeekoUITests */ = {
			isa = PBXGroup;
			children = (
				47385B1A22E1F17B00F28AE5 /* MeekoUITests.swift */,
				47385B1C22E1F17B00F28AE5 /* Info.plist */,
			);
			path = MeekoUITests;
			sourceTree = "<group>";
		};
		47385B2422E1F17B00F28AE5 /* MeekoUIUITests */ = {
			isa = PBXGroup;
			children = (
				47385B2522E1F17B00F28AE5 /* MeekoUIUITests.swift */,
				47385B2722E1F17B00F28AE5 /* Info.plist */,
			);
			path = MeekoUIUITests;
			sourceTree = "<group>";
		};
/* End PBXGroup section */

/* Begin PBXNativeTarget section */
		47385AFF22E1F17800F28AE5 /* MeekoUI */ = {
			isa = PBXNativeTarget;
			buildConfigurationList = 47385B2A22E1F17B00F28AE5 /* Build configuration list for PBXNativeTarget "MeekoUI" */;
			buildPhases = (
				47385AFC22E1F17800F28AE5 /* Sources */,
				47385AFD22E1F17800F28AE5 /* Frameworks */,
				47385AFE22E1F17800F28AE5 /* Resources */,
			);
			buildRules = (
			);
			dependencies = (
			);
			name = MeekoUI;
			productName = MeekoUI;
			productReference = 47385B0022E1F17800F28AE5 /* MeekoUI.app */;
			productType = "com.apple.product-type.application";
		};
		47385B1522E1F17B00F28AE5 /* MeekoUITests */ = {
			isa = PBXNativeTarget;
			buildConfigurationList = 47385B2D22E1F17B00F28AE5 /* Build configuration list for PBXNativeTarget "MeekoUITests" */;
			buildPhases = (
				47385B1222E1F17B00F28AE5 /* Sources */,
				47385B1322E1F17B00F28AE5 /* Frameworks */,
				47385B1422E1F17B00F28AE5 /* Resources */,
			);
			buildRules = (
			);
			dependencies = (
				47385B1822E1F17B00F28AE5 /* PBXTargetDependency */,
			);
			name = MeekoUITests;
			productName = MeekoUITests;
			productReference = 47385B1622E1F17B00F28AE5 /* MeekoUITests.xctest */;
			productType = "com.apple.product-type.bundle.unit-test";
		};
		47385B2022E1F17B00F28AE5 /* MeekoUIUITests */ = {
			isa = PBXNativeTarget;
			buildConfigurationList = 47385B3022E1F17B00F28AE5 /* Build configuration list for PBXNativeTarget "MeekoUIUITests" */;
			buildPhases = (
				47385B1D22E1F17B00F28AE5 /* Sources */,
				47385B1E22E1F17B00F28AE5 /* Frameworks */,
				47385B1F22E1F17B00F28AE5 /* Resources */,
			);
			buildRules = (
			);
			dependencies = (
				47385B2322E1F17B00F28AE5 /* PBXTargetDependency */,
			);
			name = MeekoUIUITests;
			productName = MeekoUIUITests;
			productReference = 47385B2122E1F17B00F28AE5 /* MeekoUIUITests.xctest */;
			productType = "com.apple.product-type.bundle.ui-testing";
		};
/* End PBXNativeTarget section */

/* Begin PBXProject section */
		47385AF822E1F17800F28AE5 /* Project object */ = {
			isa = PBXProject;
			attributes = {
				LastSwiftUpdateCheck = 1100;
				LastUpgradeCheck = 1100;
				ORGANIZATIONNAME = "Kyujin Cho";
				TargetAttributes = {
					47385AFF22E1F17800F28AE5 = {
						CreatedOnToolsVersion = 11.0;
					};
					47385B1522E1F17B00F28AE5 = {
						CreatedOnToolsVersion = 11.0;
						TestTargetID = 47385AFF22E1F17800F28AE5;
					};
					47385B2022E1F17B00F28AE5 = {
						CreatedOnToolsVersion = 11.0;
						TestTargetID = 47385AFF22E1F17800F28AE5;
					};
				};
			};
			buildConfigurationList = 47385AFB22E1F17800F28AE5 /* Build configuration list for PBXProject "MeekoUI" */;
			compatibilityVersion = "Xcode 9.3";
			developmentRegion = en;
			hasScannedForEncodings = 0;
			knownRegions = (
				en,
				Base,
			);
			mainGroup = 47385AF722E1F17800F28AE5;
			productRefGroup = 47385B0122E1F17800F28AE5 /* Products */;
			projectDirPath = "";
			projectRoot = "";
			targets = (
				47385AFF22E1F17800F28AE5 /* MeekoUI */,
				47385B1522E1F17B00F28AE5 /* MeekoUITests */,
				47385B2022E1F17B00F28AE5 /* MeekoUIUITests */,
			);
		};
/* End PBXProject section */

/* Begin PBXResourcesBuildPhase section */
		47385AFE22E1F17800F28AE5 /* Resources */ = {
			isa = PBXResourcesBuildPhase;
			buildActionMask = 2147483647;
			files = (
				47385B1022E1F17A00F28AE5 /* LaunchScreen.storyboard in Resources */,
				47385B0D22E1F17A00F28AE5 /* Preview Assets.xcassets in Resources */,
				47385B0A22E1F17A00F28AE5 /* Assets.xcassets in Resources */,
			);
			runOnlyForDeploymentPostprocessing = 0;
		};
		47385B1422E1F17B00F28AE5 /* Resources */ = {
			isa = PBXResourcesBuildPhase;
			buildActionMask = 2147483647;
			files = (
			);
			runOnlyForDeploymentPostprocessing = 0;
		};
		47385B1F22E1F17B00F28AE5 /* Resources */ = {
			isa = PBXResourcesBuildPhase;
			buildActionMask = 2147483647;
			files = (
			);
			runOnlyForDeploymentPostprocessing = 0;
		};
/* End PBXResourcesBuildPhase section */

/* Begin PBXSourcesBuildPhase section */
		47385AFC22E1F17800F28AE5 /* Sources */ = {
			isa = PBXSourcesBuildPhase;
			buildActionMask = 2147483647;
			files = (
				47385B0422E1F17800F28AE5 /* AppDelegate.swift in Sources */,
				47385B0622E1F17800F28AE5 /* SceneDelegate.swift in Sources */,
				47385B0822E1F17800F28AE5 /* ContentView.swift in Sources */,
			);
			runOnlyForDeploymentPostprocessing = 0;
		};
		47385B1222E1F17B00F28AE5 /* Sources */ = {
			isa = PBXSourcesBuildPhase;
			buildActionMask = 2147483647;
			files = (
				47385B1B22E1F17B00F28AE5 /* MeekoUITests.swift in Sources */,
			);
			runOnlyForDeploymentPostprocessing = 0;
		};
		47385B1D22E1F17B00F28AE5 /* Sources */ = {
			isa = PBXSourcesBuildPhase;
			buildActionMask = 2147483647;
			files = (
				47385B2622E1F17B00F28AE5 /* MeekoUIUITests.swift in Sources */,
			);
			runOnlyForDeploymentPostprocessing = 0;
		};
/* End PBXSourcesBuildPhase section */

/* Begin PBXTargetDependency section */
		47385B1822E1F17B00F28AE5 /* PBXTargetDependency */ = {
			isa = PBXTargetDependency;
			target = 47385AFF22E1F17800F28AE5 /* MeekoUI */;
			targetProxy = 47385B1722E1F17B00F28AE5 /* PBXContainerItemProxy */;
		};
		47385B2322E1F17B00F28AE5 /* PBXTargetDependency */ = {
			isa = PBXTargetDependency;
			target = 47385AFF22E1F17800F28AE5 /* MeekoUI */;
			targetProxy = 47385B2222E1F17B00F28AE5 /* PBXContainerItemProxy */;
		};
/* End PBXTargetDependency section */

/* Begin PBXVariantGroup section */
		47385B0E22E1F17A00F28AE5 /* LaunchScreen.storyboard */ = {
			isa = PBXVariantGroup;
			children = (
				47385B0F22E1F17A00F28AE5 /* Base */,
			);
			name = LaunchScreen.storyboard;
			sourceTree = "<group>";
		};
/* End PBXVariantGroup section */

/* Begin XCBuildConfiguration section */
		47385B2822E1F17B00F28AE5 /* Debug */ = {
			isa = XCBuildConfiguration;
			buildSettings = {
				ALWAYS_SEARCH_USER_PATHS = NO;
				CLANG_ANALYZER_NONNULL = YES;
				CLANG_ANALYZER_NUMBER_OBJECT_CONVERSION = YES_AGGRESSIVE;
				CLANG_CXX_LANGUAGE_STANDARD = "gnu++14";
				CLANG_CXX_LIBRARY = "libc++";
				CLANG_ENABLE_MODULES = YES;
				CLANG_ENABLE_OBJC_ARC = YES;
				CLANG_ENABLE_OBJC_WEAK = YES;
				CLANG_WARN_BLOCK_CAPTURE_AUTORELEASING = YES;
				CLANG_WARN_BOOL_CONVERSION = YES;
				CLANG_WARN_COMMA = YES;
				CLANG_WARN_CONSTANT_CONVERSION = YES;
				CLANG_WARN_DEPRECATED_OBJC_IMPLEMENTATIONS = YES;
				CLANG_WARN_DIRECT_OBJC_ISA_USAGE = YES_ERROR;
				CLANG_WARN_DOCUMENTATION_COMMENTS = YES;
				CLANG_WARN_EMPTY_BODY = YES;
				CLANG_WARN_ENUM_CONVERSION = YES;
				CLANG_WARN_INFINITE_RECURSION = YES;
				CLANG_WARN_INT_CONVERSION = YES;
				CLANG_WARN_NON_LITERAL_NULL_CONVERSION = YES;
				CLANG_WARN_OBJC_IMPLICIT_RETAIN_SELF = YES;
				CLANG_WARN_OBJC_LITERAL_CONVERSION = YES;
				CLANG_WARN_OBJC_ROOT_CLASS = YES_ERROR;
				CLANG_WARN_RANGE_LOOP_ANALYSIS = YES;
				CLANG_WARN_STRICT_PROTOTYPES = YES;
				CLANG_WARN_SUSPICIOUS_MOVE = YES;
				CLANG_WARN_UNGUARDED_AVAILABILITY = YES_AGGRESSIVE;
				CLANG_WARN_UNREACHABLE_CODE = YES;
				CLANG_WARN__DUPLICATE_METHOD_MATCH = YES;
				COPY_PHASE_STRIP = NO;
				DEBUG_INFORMATION_FORMAT = dwarf;
				ENABLE_STRICT_OBJC_MSGSEND = YES;
				ENABLE_TESTABILITY = YES;
				GCC_C_LANGUAGE_STANDARD = gnu11;
				GCC_DYNAMIC_NO_PIC = NO;
				GCC_NO_COMMON_BLOCKS = YES;
				GCC_OPTIMIZATION_LEVEL = 0;
				GCC_PREPROCESSOR_DEFINITIONS = (
					"DEBUG=1",
					"$(inherited)",
				);
				GCC_WARN_64_TO_32_BIT_CONVERSION = YES;
				GCC_WARN_ABOUT_RETURN_TYPE = YES_ERROR;
				GCC_WARN_UNDECLARED_SELECTOR = YES;
				GCC_WARN_UNINITIALIZED_AUTOS = YES_AGGRESSIVE;
				GCC_WARN_UNUSED_FUNCTION = YES;
				GCC_WARN_UNUSED_VARIABLE = YES;
				IPHONEOS_DEPLOYMENT_TARGET = 13.0;
				MTL_ENABLE_DEBUG_INFO = INCLUDE_SOURCE;
				MTL_FAST_MATH = YES;
				ONLY_ACTIVE_ARCH = YES;
				SDKROOT = iphoneos;
				SWIFT_ACTIVE_COMPILATION_CONDITIONS = DEBUG;
				SWIFT_OPTIMIZATION_LEVEL = "-Onone";
			};
			name = Debug;
		};
		47385B2922E1F17B00F28AE5 /* Release */ = {
			isa = XCBuildConfiguration;
			buildSettings = {
				ALWAYS_SEARCH_USER_PATHS = NO;
				CLANG_ANALYZER_NONNULL = YES;
				CLANG_ANALYZER_NUMBER_OBJECT_CONVERSION = YES_AGGRESSIVE;
				CLANG_CXX_LANGUAGE_STANDARD = "gnu++14";
				CLANG_CXX_LIBRARY = "libc++";
				CLANG_ENABLE_MODULES = YES;
				CLANG_ENABLE_OBJC_ARC = YES;
				CLANG_ENABLE_OBJC_WEAK = YES;
				CLANG_WARN_BLOCK_CAPTURE_AUTORELEASING = YES;
				CLANG_WARN_BOOL_CONVERSION = YES;
				CLANG_WARN_COMMA = YES;
				CLANG_WARN_CONSTANT_CONVERSION = YES;
				CLANG_WARN_DEPRECATED_OBJC_IMPLEMENTATIONS = YES;
				CLANG_WARN_DIRECT_OBJC_ISA_USAGE = YES_ERROR;
				CLANG_WARN_DOCUMENTATION_COMMENTS = YES;
				CLANG_WARN_EMPTY_BODY = YES;
				CLANG_WARN_ENUM_CONVERSION = YES;
				CLANG_WARN_INFINITE_RECURSION = YES;
				CLANG_WARN_INT_CONVERSION = YES;
				CLANG_WARN_NON_LITERAL_NULL_CONVERSION = YES;
				CLANG_WARN_OBJC_IMPLICIT_RETAIN_SELF = YES;
				CLANG_WARN_OBJC_LITERAL_CONVERSION = YES;
				CLANG_WARN_OBJC_ROOT_CLASS = YES_ERROR;
				CLANG_WARN_RANGE_LOOP_ANALYSIS = YES;
				CLANG_WARN_STRICT_PROTOTYPES = YES;
				CLANG_WARN_SUSPICIOUS_MOVE = YES;
				CLANG_WARN_UNGUARDED_AVAILABILITY = YES_AGGRESSIVE;
				CLANG_WARN_UNREACHABLE_CODE = YES;
				CLANG_WARN__DUPLICATE_METHOD_MATCH = YES;
				COPY_PHASE_STRIP = NO;
				DEBUG_INFORMATION_FORMAT = "dwarf-with-dsym";
				ENABLE_NS_ASSERTIONS = NO;
				ENABLE_STRICT_OBJC_MSGSEND = YES;
				GCC_C_LANGUAGE_STANDARD = gnu11;
				GCC_NO_COMMON_BLOCKS = YES;
				GCC_WARN_64_TO_32_BIT_CONVERSION = YES;
				GCC_WARN_ABOUT_RETURN_TYPE = YES_ERROR;
				GCC_WARN_UNDECLARED_SELECTOR = YES;
				GCC_WARN_UNINITIALIZED_AUTOS = YES_AGGRESSIVE;
				GCC_WARN_UNUSED_FUNCTION = YES;
				GCC_WARN_UNUSED_VARIABLE = YES;
				IPHONEOS_DEPLOYMENT_TARGET = 13.0;
				MTL_ENABLE_DEBUG_INFO = NO;
				MTL_FAST_MATH = YES;
				SDKROOT = iphoneos;
				SWIFT_COMPILATION_MODE = wholemodule;
				SWIFT_OPTIMIZATION_LEVEL = "-O";
				VALIDATE_PRODUCT = YES;
			};
			name = Release;
		};
		47385B2B22E1F17B00F28AE5 /* Debug */ = {
			isa = XCBuildConfiguration;
			buildSettings = {
				ASSETCATALOG_COMPILER_APPICON_NAME = AppIcon;
				CODE_SIGN_STYLE = Automatic;
				DEVELOPMENT_ASSET_PATHS = "MeekoUI/Preview\\ Content";
				ENABLE_PREVIEWS = YES;
				INFOPLIST_FILE = MeekoUI/Info.plist;
				LD_RUNPATH_SEARCH_PATHS = (
					"$(inherited)",
					"@executable_path/Frameworks",
				);
				PRODUCT_BUNDLE_IDENTIFIER = dev.bluehouse.MeekoUI;
				PRODUCT_NAME = "$(TARGET_NAME)";
				SWIFT_VERSION = 5.0;
				TARGETED_DEVICE_FAMILY = "1,2";
			};
			name = Debug;
		};
		47385B2C22E1F17B00F28AE5 /* Release */ = {
			isa = XCBuildConfiguration;
			buildSettings = {
				ASSETCATALOG_COMPILER_APPICON_NAME = AppIcon;
				CODE_SIGN_STYLE = Automatic;
				DEVELOPMENT_ASSET_PATHS = "MeekoUI/Preview\\ Content";
				ENABLE_PREVIEWS = YES;
				INFOPLIST_FILE = MeekoUI/Info.plist;
				LD_RUNPATH_SEARCH_PATHS = (
					"$(inherited)",
					"@executable_path/Frameworks",
				);
				PRODUCT_BUNDLE_IDENTIFIER = dev.bluehouse.MeekoUI;
				PRODUCT_NAME = "$(TARGET_NAME)";
				SWIFT_VERSION = 5.0;
				TARGETED_DEVICE_FAMILY = "1,2";
			};
			name = Release;
		};
		47385B2E22E1F17B00F28AE5 /* Debug */ = {
			isa = XCBuildConfiguration;
			buildSettings = {
				ALWAYS_EMBED_SWIFT_STANDARD_LIBRARIES = YES;
				BUNDLE_LOADER = "$(TEST_HOST)";
				CODE_SIGN_STYLE = Automatic;
				INFOPLIST_FILE = MeekoUITests/Info.plist;
				LD_RUNPATH_SEARCH_PATHS = (
					"$(inherited)",
					"@executable_path/Frameworks",
					"@loader_path/Frameworks",
				);
				PRODUCT_BUNDLE_IDENTIFIER = dev.bluehouse.MeekoUITests;
				PRODUCT_NAME = "$(TARGET_NAME)";
				SWIFT_VERSION = 5.0;
				TARGETED_DEVICE_FAMILY = "1,2";
				TEST_HOST = "$(BUILT_PRODUCTS_DIR)/MeekoUI.app/MeekoUI";
			};
			name = Debug;
		};
		47385B2F22E1F17B00F28AE5 /* Release */ = {
			isa = XCBuildConfiguration;
			buildSettings = {
				ALWAYS_EMBED_SWIFT_STANDARD_LIBRARIES = YES;
				BUNDLE_LOADER = "$(TEST_HOST)";
				CODE_SIGN_STYLE = Automatic;
				INFOPLIST_FILE = MeekoUITests/Info.plist;
				LD_RUNPATH_SEARCH_PATHS = (
					"$(inherited)",
					"@executable_path/Frameworks",
					"@loader_path/Frameworks",
				);
				PRODUCT_BUNDLE_IDENTIFIER = dev.bluehouse.MeekoUITests;
				PRODUCT_NAME = "$(TARGET_NAME)";
				SWIFT_VERSION = 5.0;
				TARGETED_DEVICE_FAMILY = "1,2";
				TEST_HOST = "$(BUILT_PRODUCTS_DIR)/MeekoUI.app/MeekoUI";
			};
			name = Release;
		};
		47385B3122E1F17B00F28AE5 /* Debug */ = {
			isa = XCBuildConfiguration;
			buildSettings = {
				ALWAYS_EMBED_SWIFT_STANDARD_LIBRARIES = YES;
				CODE_SIGN_STYLE = Automatic;
				INFOPLIST_FILE = MeekoUIUITests/Info.plist;
				LD_RUNPATH_SEARCH_PATHS = (
					"$(inherited)",
					"@executable_path/Frameworks",
					"@loader_path/Frameworks",
				);
				PRODUCT_BUNDLE_IDENTIFIER = dev.bluehouse.MeekoUIUITests;
				PRODUCT_NAME = "$(TARGET_NAME)";
				SWIFT_VERSION = 5.0;
				TARGETED_DEVICE_FAMILY = "1,2";
				TEST_TARGET_NAME = MeekoUI;
			};
			name = Debug;
		};
		47385B3222E1F17B00F28AE5 /* Release */ = {
			isa = XCBuildConfiguration;
			buildSettings = {
				ALWAYS_EMBED_SWIFT_STANDARD_LIBRARIES = YES;
				CODE_SIGN_STYLE = Automatic;
				INFOPLIST_FILE = MeekoUIUITests/Info.plist;
				LD_RUNPATH_SEARCH_PATHS = (
					"$(inherited)",
					"@executable_path/Frameworks",
					"@loader_path/Frameworks",
				);
				PRODUCT_BUNDLE_IDENTIFIER = dev.bluehouse.MeekoUIUITests;
				PRODUCT_NAME = "$(TARGET_NAME)";
				SWIFT_VERSION = 5.0;
				TARGETED_DEVICE_FAMILY = "1,2";
				TEST_TARGET_NAME = MeekoUI;
			};
			name = Release;
		};
/* End XCBuildConfiguration section */

/* Begin XCConfigurationList section */
		47385AFB22E1F17800F28AE5 /* Build configuration list for PBXProject "MeekoUI" */ = {
			isa = XCConfigurationList;
			buildConfigurations = (
				47385B2822E1F17B00F28AE5 /* Debug */,
				47385B2922E1F17B00F28AE5 /* Release */,
			);
			defaultConfigurationIsVisible = 0;
			defaultConfigurationName = Release;
		};
		47385B2A22E1F17B00F28AE5 /* Build configuration list for PBXNativeTarget "MeekoUI" */ = {
			isa = XCConfigurationList;
			buildConfigurations = (
				47385B2B22E1F17B00F28AE5 /* Debug */,
				47385B2C22E1F17B00F28AE5 /* Release */,
			);
			defaultConfigurationIsVisible = 0;
			defaultConfigurationName = Release;
		};
		47385B2D22E1F17B00F28AE5 /* Build configuration list for PBXNativeTarget "MeekoUITests" */ = {
			isa = XCConfigurationList;
			buildConfigurations = (
				47385B2E22E1F17B00F28AE5 /* Debug */,
				47385B2F22E1F17B00F28AE5 /* Release */,
			);
			defaultConfigurationIsVisible = 0;
			defaultConfigurationName = Release;
		};
		47385B3022E1F17B00F28AE5 /* Build configuration list for PBXNativeTarget "MeekoUIUITests" */ = {
			isa = XCConfigurationList;
			buildConfigurations = (
				47385B3122E1F17B00F28AE5 /* Debug */,
				47385B3222E1F17B00F28AE5 /* Release */,
			);
			defaultConfigurationIsVisible = 0;
			defaultConfigurationName = Release;
		};
/* End XCConfigurationList section */
	};
	rootObject = 47385AF822E1F17800F28AE5 /* Project object */;
}
